
Microsoft Visual Studio Solution File, Format Version 12.00
# Visual Studio Version 17
VisualStudioVersion = 17.12.35707.178 d17.12
MinimumVisualStudioVersion = 10.0.40219.1
Project("{FAE04EC0-301F-11D3-BF4B-00C04F79EFBC}") = "ililipat sa winforms", "ililipat sa winforms\ililipat sa winforms.csproj", "{C43EB4D6-FAC7-4675-82D2-59032C96F4E8}"
EndProject
Project("{FAE04EC0-301F-11D3-BF4B-00C04F79EFBC}") = "arrays lamaw", "arrays lamaw\arrays lamaw.csproj", "{45EEA592-66FA-4BD8-8623-26FBC653841E}"
EndProject
Global
	GlobalSection(SolutionConfigurationPlatforms) = preSolution
		Debug|Any CPU = Debug|Any CPU
		Release|Any CPU = Release|Any CPU
	EndGlobalSection
	GlobalSection(ProjectConfigurationPlatforms) = postSolution
		{C43EB4D6-FAC7-4675-82D2-59032C96F4E8}.Debug|Any CPU.ActiveCfg = Debug|Any CPU
		{C43EB4D6-FAC7-4675-82D2-59032C96F4E8}.Debug|Any CPU.Build.0 = Debug|Any CPU
		{C43EB4D6-FAC7-4675-82D2-59032C96F4E8}.Release|Any CPU.ActiveCfg = Release|Any CPU
		{C43EB4D6-FAC7-4675-82D2-59032C96F4E8}.Release|Any CPU.Build.0 = Release|Any CPU
		{45EEA592-66FA-4BD8-8623-26FBC653841E}.Debug|Any CPU.ActiveCfg = Debug|Any CPU
		{45EEA592-66FA-4BD8-8623-26FBC653841E}.Debug|Any CPU.Build.0 = Debug|Any CPU
		{45EEA592-66FA-4BD8-8623-26FBC653841E}.Release|Any CPU.ActiveCfg = Release|Any CPU
		{45EEA592-66FA-4BD8-8623-26FBC653841E}.Release|Any CPU.Build.0 = Release|Any CPU
	EndGlobalSection
	GlobalSection(SolutionProperties) = preSolution
		HideSolutionNode = FALSE
	EndGlobalSection
EndGlobal
